// !$*UTF8*$!
{
	archiveVersion = 1;
	classes = {
	};
	objectVersion = 56;
	objects = {

/* Begin PBXBuildFile section */
		6A7693272AD3E282006404E3 /* waerableDeviceDemoApp.swift in Sources */ = {isa = PBXBuildFile; fileRef = 6A7693262AD3E282006404E3 /* waerableDeviceDemoApp.swift */; };
		6A7693292AD3E282006404E3 /* ContentView.swift in Sources */ = {isa = PBXBuildFile; fileRef = 6A7693282AD3E282006404E3 /* ContentView.swift */; };
		6A76932B2AD3E284006404E3 /* Assets.xcassets in Resources */ = {isa = PBXBuildFile; fileRef = 6A76932A2AD3E284006404E3 /* Assets.xcassets */; };
		6A76932E2AD3E284006404E3 /* Preview Assets.xcassets in Resources */ = {isa = PBXBuildFile; fileRef = 6A76932D2AD3E284006404E3 /* Preview Assets.xcassets */; };
		6A7693342AD3E284006404E3 /* waerableDeviceDemo Watch App.app in Embed Watch Content */ = {isa = PBXBuildFile; fileRef = 6A7693332AD3E284006404E3 /* waerableDeviceDemo Watch App.app */; settings = {ATTRIBUTES = (RemoveHeadersOnCopy, ); }; };
		6A7693392AD3E284006404E3 /* waerableDeviceDemoApp.swift in Sources */ = {isa = PBXBuildFile; fileRef = 6A7693382AD3E284006404E3 /* waerableDeviceDemoApp.swift */; };
		6A76933B2AD3E284006404E3 /* ContentView.swift in Sources */ = {isa = PBXBuildFile; fileRef = 6A76933A2AD3E284006404E3 /* ContentView.swift */; };
		6A76933D2AD3E284006404E3 /* Assets.xcassets in Resources */ = {isa = PBXBuildFile; fileRef = 6A76933C2AD3E284006404E3 /* Assets.xcassets */; };
		6A7693402AD3E284006404E3 /* Preview Assets.xcassets in Resources */ = {isa = PBXBuildFile; fileRef = 6A76933F2AD3E284006404E3 /* Preview Assets.xcassets */; };
		6A76934C2AD40C6A006404E3 /* CoreMotion.framework in Frameworks */ = {isa = PBXBuildFile; fileRef = 6A76934B2AD40C6A006404E3 /* CoreMotion.framework */; };
		6A76934E2AD40F82006404E3 /* MotionSensorScreen.swift in Sources */ = {isa = PBXBuildFile; fileRef = 6A76934D2AD40F82006404E3 /* MotionSensorScreen.swift */; };
		6A7693512AD414FF006404E3 /* HealthKit.framework in Frameworks */ = {isa = PBXBuildFile; fileRef = 6A7693502AD414FF006404E3 /* HealthKit.framework */; };
		6A7693532AD4204A006404E3 /* HealthManager.swift in Sources */ = {isa = PBXBuildFile; fileRef = 6A7693522AD4204A006404E3 /* HealthManager.swift */; };
		6A76935B2AD52601006404E3 /* HealthKit.framework in Frameworks */ = {isa = PBXBuildFile; fileRef = 6A7693542AD44255006404E3 /* HealthKit.framework */; };
/* End PBXBuildFile section */

/* Begin PBXContainerItemProxy section */
		6A7693352AD3E284006404E3 /* PBXContainerItemProxy */ = {
			isa = PBXContainerItemProxy;
			containerPortal = 6A76931B2AD3E282006404E3 /* Project object */;
			proxyType = 1;
			remoteGlobalIDString = 6A7693322AD3E284006404E3;
			remoteInfo = "waerableDeviceDemo Watch App";
		};
/* End PBXContainerItemProxy section */

/* Begin PBXCopyFilesBuildPhase section */
		6A7693462AD3E284006404E3 /* Embed Watch Content */ = {
			isa = PBXCopyFilesBuildPhase;
			buildActionMask = 2147483647;
			dstPath = "$(CONTENTS_FOLDER_PATH)/Watch";
			dstSubfolderSpec = 16;
			files = (
				6A7693342AD3E284006404E3 /* waerableDeviceDemo Watch App.app in Embed Watch Content */,
			);
			name = "Embed Watch Content";
			runOnlyForDeploymentPostprocessing = 0;
		};
/* End PBXCopyFilesBuildPhase section */

/* Begin PBXFileReference section */
		6A7693232AD3E282006404E3 /* waerableDeviceDemo.app */ = {isa = PBXFileReference; explicitFileType = wrapper.application; includeInIndex = 0; path = waerableDeviceDemo.app; sourceTree = BUILT_PRODUCTS_DIR; };
		6A7693262AD3E282006404E3 /* waerableDeviceDemoApp.swift */ = {isa = PBXFileReference; lastKnownFileType = sourcecode.swift; path = waerableDeviceDemoApp.swift; sourceTree = "<group>"; };
		6A7693282AD3E282006404E3 /* ContentView.swift */ = {isa = PBXFileReference; lastKnownFileType = sourcecode.swift; path = ContentView.swift; sourceTree = "<group>"; };
		6A76932A2AD3E284006404E3 /* Assets.xcassets */ = {isa = PBXFileReference; lastKnownFileType = folder.assetcatalog; path = Assets.xcassets; sourceTree = "<group>"; };
		6A76932D2AD3E284006404E3 /* Preview Assets.xcassets */ = {isa = PBXFileReference; lastKnownFileType = folder.assetcatalog; path = "Preview Assets.xcassets"; sourceTree = "<group>"; };
		6A7693332AD3E284006404E3 /* waerableDeviceDemo Watch App.app */ = {isa = PBXFileReference; explicitFileType = wrapper.application; includeInIndex = 0; path = "waerableDeviceDemo Watch App.app"; sourceTree = BUILT_PRODUCTS_DIR; };
		6A7693382AD3E284006404E3 /* waerableDeviceDemoApp.swift */ = {isa = PBXFileReference; lastKnownFileType = sourcecode.swift; path = waerableDeviceDemoApp.swift; sourceTree = "<group>"; };
		6A76933A2AD3E284006404E3 /* ContentView.swift */ = {isa = PBXFileReference; lastKnownFileType = sourcecode.swift; path = ContentView.swift; sourceTree = "<group>"; };
		6A76933C2AD3E284006404E3 /* Assets.xcassets */ = {isa = PBXFileReference; lastKnownFileType = folder.assetcatalog; path = Assets.xcassets; sourceTree = "<group>"; };
		6A76933F2AD3E284006404E3 /* Preview Assets.xcassets */ = {isa = PBXFileReference; lastKnownFileType = folder.assetcatalog; path = "Preview Assets.xcassets"; sourceTree = "<group>"; };
		6A76934B2AD40C6A006404E3 /* CoreMotion.framework */ = {isa = PBXFileReference; lastKnownFileType = wrapper.framework; name = CoreMotion.framework; path = Platforms/iPhoneOS.platform/Developer/SDKs/iPhoneOS17.0.sdk/System/Library/Frameworks/CoreMotion.framework; sourceTree = DEVELOPER_DIR; };
		6A76934D2AD40F82006404E3 /* MotionSensorScreen.swift */ = {isa = PBXFileReference; lastKnownFileType = sourcecode.swift; path = MotionSensorScreen.swift; sourceTree = "<group>"; };
		6A76934F2AD413A3006404E3 /* waerableDeviceDemo.entitlements */ = {isa = PBXFileReference; lastKnownFileType = text.plist.entitlements; path = waerableDeviceDemo.entitlements; sourceTree = "<group>"; };
		6A7693502AD414FF006404E3 /* HealthKit.framework */ = {isa = PBXFileReference; lastKnownFileType = wrapper.framework; name = HealthKit.framework; path = Platforms/iPhoneOS.platform/Developer/SDKs/iPhoneOS17.0.sdk/System/Library/Frameworks/HealthKit.framework; sourceTree = DEVELOPER_DIR; };
		6A7693522AD4204A006404E3 /* HealthManager.swift */ = {isa = PBXFileReference; lastKnownFileType = sourcecode.swift; path = HealthManager.swift; sourceTree = "<group>"; };
		6A7693542AD44255006404E3 /* HealthKit.framework */ = {isa = PBXFileReference; lastKnownFileType = wrapper.framework; name = HealthKit.framework; path = Platforms/WatchOS.platform/Developer/SDKs/WatchOS10.0.sdk/System/Library/Frameworks/HealthKit.framework; sourceTree = DEVELOPER_DIR; };
		6A7693592AD442DA006404E3 /* waerableDeviceDemo Watch App.entitlements */ = {isa = PBXFileReference; lastKnownFileType = text.plist.entitlements; path = "waerableDeviceDemo Watch App.entitlements"; sourceTree = "<group>"; };
/* End PBXFileReference section */

/* Begin PBXFrameworksBuildPhase section */
		6A7693202AD3E282006404E3 /* Frameworks */ = {
			isa = PBXFrameworksBuildPhase;
			buildActionMask = 2147483647;
			files = (
				6A76934C2AD40C6A006404E3 /* CoreMotion.framework in Frameworks */,
				6A7693512AD414FF006404E3 /* HealthKit.framework in Frameworks */,
			);
			runOnlyForDeploymentPostprocessing = 0;
		};
		6A7693302AD3E284006404E3 /* Frameworks */ = {
			isa = PBXFrameworksBuildPhase;
			buildActionMask = 2147483647;
			files = (
				6A76935B2AD52601006404E3 /* HealthKit.framework in Frameworks */,
			);
			runOnlyForDeploymentPostprocessing = 0;
		};
/* End PBXFrameworksBuildPhase section */

/* Begin PBXGroup section */
		6A76931A2AD3E282006404E3 = {
			isa = PBXGroup;
			children = (
				6A7693252AD3E282006404E3 /* waerableDeviceDemo */,
				6A7693372AD3E284006404E3 /* waerableDeviceDemo Watch App */,
				6A7693242AD3E282006404E3 /* Products */,
				6A76934A2AD40C6A006404E3 /* Frameworks */,
			);
			sourceTree = "<group>";
		};
		6A7693242AD3E282006404E3 /* Products */ = {
			isa = PBXGroup;
			children = (
				6A7693232AD3E282006404E3 /* waerableDeviceDemo.app */,
				6A7693332AD3E284006404E3 /* waerableDeviceDemo Watch App.app */,
			);
			name = Products;
			sourceTree = "<group>";
		};
		6A7693252AD3E282006404E3 /* waerableDeviceDemo */ = {
			isa = PBXGroup;
			children = (
				6A76934F2AD413A3006404E3 /* waerableDeviceDemo.entitlements */,
				6A7693262AD3E282006404E3 /* waerableDeviceDemoApp.swift */,
				6A7693282AD3E282006404E3 /* ContentView.swift */,
				6A76932A2AD3E284006404E3 /* Assets.xcassets */,
				6A76932C2AD3E284006404E3 /* Preview Content */,
			);
			path = waerableDeviceDemo;
			sourceTree = "<group>";
		};
		6A76932C2AD3E284006404E3 /* Preview Content */ = {
			isa = PBXGroup;
			children = (
				6A76932D2AD3E284006404E3 /* Preview Assets.xcassets */,
			);
			path = "Preview Content";
			sourceTree = "<group>";
		};
		6A7693372AD3E284006404E3 /* waerableDeviceDemo Watch App */ = {
			isa = PBXGroup;
			children = (
				6A7693592AD442DA006404E3 /* waerableDeviceDemo Watch App.entitlements */,
				6A7693382AD3E284006404E3 /* waerableDeviceDemoApp.swift */,
				6A76933A2AD3E284006404E3 /* ContentView.swift */,
				6A76934D2AD40F82006404E3 /* MotionSensorScreen.swift */,
				6A7693522AD4204A006404E3 /* HealthManager.swift */,
				6A76933C2AD3E284006404E3 /* Assets.xcassets */,
				6A76933E2AD3E284006404E3 /* Preview Content */,
			);
			path = "waerableDeviceDemo Watch App";
			sourceTree = "<group>";
		};
		6A76933E2AD3E284006404E3 /* Preview Content */ = {
			isa = PBXGroup;
			children = (
				6A76933F2AD3E284006404E3 /* Preview Assets.xcassets */,
			);
			path = "Preview Content";
			sourceTree = "<group>";
		};
		6A76934A2AD40C6A006404E3 /* Frameworks */ = {
			isa = PBXGroup;
			children = (
				6A7693502AD414FF006404E3 /* HealthKit.framework */,
				6A7693542AD44255006404E3 /* HealthKit.framework */,
				6A76934B2AD40C6A006404E3 /* CoreMotion.framework */,
			);
			name = Frameworks;
			sourceTree = "<group>";
		};
/* End PBXGroup section */

/* Begin PBXNativeTarget section */
		6A7693222AD3E282006404E3 /* waerableDeviceDemo */ = {
			isa = PBXNativeTarget;
			buildConfigurationList = 6A7693472AD3E284006404E3 /* Build configuration list for PBXNativeTarget "waerableDeviceDemo" */;
			buildPhases = (
				6A76931F2AD3E282006404E3 /* Sources */,
				6A7693202AD3E282006404E3 /* Frameworks */,
				6A7693212AD3E282006404E3 /* Resources */,
				6A7693462AD3E284006404E3 /* Embed Watch Content */,
			);
			buildRules = (
			);
			dependencies = (
				6A7693362AD3E284006404E3 /* PBXTargetDependency */,
			);
			name = waerableDeviceDemo;
			productName = waerableDeviceDemo;
			productReference = 6A7693232AD3E282006404E3 /* waerableDeviceDemo.app */;
			productType = "com.apple.product-type.application";
		};
		6A7693322AD3E284006404E3 /* waerableDeviceDemo Watch App */ = {
			isa = PBXNativeTarget;
			buildConfigurationList = 6A7693432AD3E284006404E3 /* Build configuration list for PBXNativeTarget "waerableDeviceDemo Watch App" */;
			buildPhases = (
				6A76932F2AD3E284006404E3 /* Sources */,
				6A7693302AD3E284006404E3 /* Frameworks */,
				6A7693312AD3E284006404E3 /* Resources */,
			);
			buildRules = (
			);
			dependencies = (
			);
			name = "waerableDeviceDemo Watch App";
			productName = "waerableDeviceDemo Watch App";
			productReference = 6A7693332AD3E284006404E3 /* waerableDeviceDemo Watch App.app */;
			productType = "com.apple.product-type.application";
		};
/* End PBXNativeTarget section */

/* Begin PBXProject section */
		6A76931B2AD3E282006404E3 /* Project object */ = {
			isa = PBXProject;
			attributes = {
				BuildIndependentTargetsInParallel = 1;
				LastSwiftUpdateCheck = 1500;
				LastUpgradeCheck = 1500;
				TargetAttributes = {
					6A7693222AD3E282006404E3 = {
						CreatedOnToolsVersion = 15.0;
					};
					6A7693322AD3E284006404E3 = {
						CreatedOnToolsVersion = 15.0;
					};
				};
			};
			buildConfigurationList = 6A76931E2AD3E282006404E3 /* Build configuration list for PBXProject "waerableDeviceDemo" */;
			compatibilityVersion = "Xcode 14.0";
			developmentRegion = en;
			hasScannedForEncodings = 0;
			knownRegions = (
				en,
				Base,
			);
			mainGroup = 6A76931A2AD3E282006404E3;
			productRefGroup = 6A7693242AD3E282006404E3 /* Products */;
			projectDirPath = "";
			projectRoot = "";
			targets = (
				6A7693222AD3E282006404E3 /* waerableDeviceDemo */,
				6A7693322AD3E284006404E3 /* waerableDeviceDemo Watch App */,
			);
		};
/* End PBXProject section */

/* Begin PBXResourcesBuildPhase section */
		6A7693212AD3E282006404E3 /* Resources */ = {
			isa = PBXResourcesBuildPhase;
			buildActionMask = 2147483647;
			files = (
				6A76932E2AD3E284006404E3 /* Preview Assets.xcassets in Resources */,
				6A76932B2AD3E284006404E3 /* Assets.xcassets in Resources */,
			);
			runOnlyForDeploymentPostprocessing = 0;
		};
		6A7693312AD3E284006404E3 /* Resources */ = {
			isa = PBXResourcesBuildPhase;
			buildActionMask = 2147483647;
			files = (
				6A7693402AD3E284006404E3 /* Preview Assets.xcassets in Resources */,
				6A76933D2AD3E284006404E3 /* Assets.xcassets in Resources */,
			);
			runOnlyForDeploymentPostprocessing = 0;
		};
/* End PBXResourcesBuildPhase section */

/* Begin PBXSourcesBuildPhase section */
		6A76931F2AD3E282006404E3 /* Sources */ = {
			isa = PBXSourcesBuildPhase;
			buildActionMask = 2147483647;
			files = (
				6A7693292AD3E282006404E3 /* ContentView.swift in Sources */,
				6A7693272AD3E282006404E3 /* waerableDeviceDemoApp.swift in Sources */,
			);
			runOnlyForDeploymentPostprocessing = 0;
		};
		6A76932F2AD3E284006404E3 /* Sources */ = {
			isa = PBXSourcesBuildPhase;
			buildActionMask = 2147483647;
			files = (
				6A76933B2AD3E284006404E3 /* ContentView.swift in Sources */,
				6A76934E2AD40F82006404E3 /* MotionSensorScreen.swift in Sources */,
				6A7693392AD3E284006404E3 /* waerableDeviceDemoApp.swift in Sources */,
				6A7693532AD4204A006404E3 /* HealthManager.swift in Sources */,
			);
			runOnlyForDeploymentPostprocessing = 0;
		};
/* End PBXSourcesBuildPhase section */

/* Begin PBXTargetDependency section */
		6A7693362AD3E284006404E3 /* PBXTargetDependency */ = {
			isa = PBXTargetDependency;
			target = 6A7693322AD3E284006404E3 /* waerableDeviceDemo Watch App */;
			targetProxy = 6A7693352AD3E284006404E3 /* PBXContainerItemProxy */;
		};
/* End PBXTargetDependency section */

/* Begin XCBuildConfiguration section */
		6A7693412AD3E284006404E3 /* Debug */ = {
			isa = XCBuildConfiguration;
			buildSettings = {
				ALWAYS_SEARCH_USER_PATHS = NO;
				ASSETCATALOG_COMPILER_GENERATE_SWIFT_ASSET_SYMBOL_EXTENSIONS = YES;
				CLANG_ANALYZER_NONNULL = YES;
				CLANG_ANALYZER_NUMBER_OBJECT_CONVERSION = YES_AGGRESSIVE;
				CLANG_CXX_LANGUAGE_STANDARD = "gnu++20";
				CLANG_ENABLE_MODULES = YES;
				CLANG_ENABLE_OBJC_ARC = YES;
				CLANG_ENABLE_OBJC_WEAK = YES;
				CLANG_WARN_BLOCK_CAPTURE_AUTORELEASING = YES;
				CLANG_WARN_BOOL_CONVERSION = YES;
				CLANG_WARN_COMMA = YES;
				CLANG_WARN_CONSTANT_CONVERSION = YES;
				CLANG_WARN_DEPRECATED_OBJC_IMPLEMENTATIONS = YES;
				CLANG_WARN_DIRECT_OBJC_ISA_USAGE = YES_ERROR;
				CLANG_WARN_DOCUMENTATION_COMMENTS = YES;
				CLANG_WARN_EMPTY_BODY = YES;
				CLANG_WARN_ENUM_CONVERSION = YES;
				CLANG_WARN_INFINITE_RECURSION = YES;
				CLANG_WARN_INT_CONVERSION = YES;
				CLANG_WARN_NON_LITERAL_NULL_CONVERSION = YES;
				CLANG_WARN_OBJC_IMPLICIT_RETAIN_SELF = YES;
				CLANG_WARN_OBJC_LITERAL_CONVERSION = YES;
				CLANG_WARN_OBJC_ROOT_CLASS = YES_ERROR;
				CLANG_WARN_QUOTED_INCLUDE_IN_FRAMEWORK_HEADER = YES;
				CLANG_WARN_RANGE_LOOP_ANALYSIS = YES;
				CLANG_WARN_STRICT_PROTOTYPES = YES;
				CLANG_WARN_SUSPICIOUS_MOVE = YES;
				CLANG_WARN_UNGUARDED_AVAILABILITY = YES_AGGRESSIVE;
				CLANG_WARN_UNREACHABLE_CODE = YES;
				CLANG_WARN__DUPLICATE_METHOD_MATCH = YES;
				COPY_PHASE_STRIP = NO;
				DEBUG_INFORMATION_FORMAT = dwarf;
				ENABLE_STRICT_OBJC_MSGSEND = YES;
				ENABLE_TESTABILITY = YES;
				ENABLE_USER_SCRIPT_SANDBOXING = YES;
				GCC_C_LANGUAGE_STANDARD = gnu17;
				GCC_DYNAMIC_NO_PIC = NO;
				GCC_NO_COMMON_BLOCKS = YES;
				GCC_OPTIMIZATION_LEVEL = 0;
				GCC_PREPROCESSOR_DEFINITIONS = (
					"DEBUG=1",
					"$(inherited)",
				);
				GCC_WARN_64_TO_32_BIT_CONVERSION = YES;
				GCC_WARN_ABOUT_RETURN_TYPE = YES_ERROR;
				GCC_WARN_UNDECLARED_SELECTOR = YES;
				GCC_WARN_UNINITIALIZED_AUTOS = YES_AGGRESSIVE;
				GCC_WARN_UNUSED_FUNCTION = YES;
				GCC_WARN_UNUSED_VARIABLE = YES;
				LOCALIZATION_PREFERS_STRING_CATALOGS = YES;
				MTL_ENABLE_DEBUG_INFO = INCLUDE_SOURCE;
				MTL_FAST_MATH = YES;
				ONLY_ACTIVE_ARCH = YES;
				SWIFT_ACTIVE_COMPILATION_CONDITIONS = "DEBUG $(inherited)";
				SWIFT_OPTIMIZATION_LEVEL = "-Onone";
			};
			name = Debug;
		};
		6A7693422AD3E284006404E3 /* Release */ = {
			isa = XCBuildConfiguration;
			buildSettings = {
				ALWAYS_SEARCH_USER_PATHS = NO;
				ASSETCATALOG_COMPILER_GENERATE_SWIFT_ASSET_SYMBOL_EXTENSIONS = YES;
				CLANG_ANALYZER_NONNULL = YES;
				CLANG_ANALYZER_NUMBER_OBJECT_CONVERSION = YES_AGGRESSIVE;
				CLANG_CXX_LANGUAGE_STANDARD = "gnu++20";
				CLANG_ENABLE_MODULES = YES;
				CLANG_ENABLE_OBJC_ARC = YES;
				CLANG_ENABLE_OBJC_WEAK = YES;
				CLANG_WARN_BLOCK_CAPTURE_AUTORELEASING = YES;
				CLANG_WARN_BOOL_CONVERSION = YES;
				CLANG_WARN_COMMA = YES;
				CLANG_WARN_CONSTANT_CONVERSION = YES;
				CLANG_WARN_DEPRECATED_OBJC_IMPLEMENTATIONS = YES;
				CLANG_WARN_DIRECT_OBJC_ISA_USAGE = YES_ERROR;
				CLANG_WARN_DOCUMENTATION_COMMENTS = YES;
				CLANG_WARN_EMPTY_BODY = YES;
				CLANG_WARN_ENUM_CONVERSION = YES;
				CLANG_WARN_INFINITE_RECURSION = YES;
				CLANG_WARN_INT_CONVERSION = YES;
				CLANG_WARN_NON_LITERAL_NULL_CONVERSION = YES;
				CLANG_WARN_OBJC_IMPLICIT_RETAIN_SELF = YES;
				CLANG_WARN_OBJC_LITERAL_CONVERSION = YES;
				CLANG_WARN_OBJC_ROOT_CLASS = YES_ERROR;
				CLANG_WARN_QUOTED_INCLUDE_IN_FRAMEWORK_HEADER = YES;
				CLANG_WARN_RANGE_LOOP_ANALYSIS = YES;
				CLANG_WARN_STRICT_PROTOTYPES = YES;
				CLANG_WARN_SUSPICIOUS_MOVE = YES;
				CLANG_WARN_UNGUARDED_AVAILABILITY = YES_AGGRESSIVE;
				CLANG_WARN_UNREACHABLE_CODE = YES;
				CLANG_WARN__DUPLICATE_METHOD_MATCH = YES;
				COPY_PHASE_STRIP = NO;
				DEBUG_INFORMATION_FORMAT = "dwarf-with-dsym";
				ENABLE_NS_ASSERTIONS = NO;
				ENABLE_STRICT_OBJC_MSGSEND = YES;
				ENABLE_USER_SCRIPT_SANDBOXING = YES;
				GCC_C_LANGUAGE_STANDARD = gnu17;
				GCC_NO_COMMON_BLOCKS = YES;
				GCC_WARN_64_TO_32_BIT_CONVERSION = YES;
				GCC_WARN_ABOUT_RETURN_TYPE = YES_ERROR;
				GCC_WARN_UNDECLARED_SELECTOR = YES;
				GCC_WARN_UNINITIALIZED_AUTOS = YES_AGGRESSIVE;
				GCC_WARN_UNUSED_FUNCTION = YES;
				GCC_WARN_UNUSED_VARIABLE = YES;
				LOCALIZATION_PREFERS_STRING_CATALOGS = YES;
				MTL_ENABLE_DEBUG_INFO = NO;
				MTL_FAST_MATH = YES;
				SWIFT_COMPILATION_MODE = wholemodule;
			};
			name = Release;
		};
		6A7693442AD3E284006404E3 /* Debug */ = {
			isa = XCBuildConfiguration;
			buildSettings = {
				ASSETCATALOG_COMPILER_APPICON_NAME = AppIcon;
				ASSETCATALOG_COMPILER_GLOBAL_ACCENT_COLOR_NAME = AccentColor;
				CODE_SIGN_ENTITLEMENTS = "waerableDeviceDemo Watch App/waerableDeviceDemo Watch App.entitlements";
				CODE_SIGN_STYLE = Automatic;
				CURRENT_PROJECT_VERSION = 1;
				DEVELOPMENT_ASSET_PATHS = "\"waerableDeviceDemo Watch App/Preview Content\"";
				DEVELOPMENT_TEAM = X4LG5T8QN3;
				ENABLE_PREVIEWS = YES;
				GENERATE_INFOPLIST_FILE = YES;
				INFOPLIST_KEY_CFBundleDisplayName = waerableDeviceDemo;
				INFOPLIST_KEY_LSApplicationCategoryType = "";
				INFOPLIST_KEY_NSHealthShareUsageDescription = "Please allow sharing health data";
				INFOPLIST_KEY_UISupportedInterfaceOrientations = "UIInterfaceOrientationPortrait UIInterfaceOrientationPortraitUpsideDown";
				INFOPLIST_KEY_WKCompanionAppBundleIdentifier = co.jp.amigo.waerableDeviceDemo;
				LD_RUNPATH_SEARCH_PATHS = (
					"$(inherited)",
					"@executable_path/Frameworks",
				);
				MARKETING_VERSION = 1.0;
				PRODUCT_BUNDLE_IDENTIFIER = co.jp.amigo.waerableDeviceDemo.watchkitapp;
				PRODUCT_NAME = "$(TARGET_NAME)";
				SDKROOT = watchos;
				SKIP_INSTALL = YES;
				SWIFT_EMIT_LOC_STRINGS = YES;
				SWIFT_VERSION = 5.0;
				TARGETED_DEVICE_FAMILY = 4;
				WATCHOS_DEPLOYMENT_TARGET = 10.0;
			};
			name = Debug;
		};
		6A7693452AD3E284006404E3 /* Release */ = {
			isa = XCBuildConfiguration;
			buildSettings = {
				ASSETCATALOG_COMPILER_APPICON_NAME = AppIcon;
				ASSETCATALOG_COMPILER_GLOBAL_ACCENT_COLOR_NAME = AccentColor;
				CODE_SIGN_ENTITLEMENTS = "waerableDeviceDemo Watch App/waerableDeviceDemo Watch App.entitlements";
				CODE_SIGN_STYLE = Automatic;
				CURRENT_PROJECT_VERSION = 1;
				DEVELOPMENT_ASSET_PATHS = "\"waerableDeviceDemo Watch App/Preview Content\"";
				DEVELOPMENT_TEAM = X4LG5T8QN3;
				ENABLE_PREVIEWS = YES;
				GENERATE_INFOPLIST_FILE = YES;
				INFOPLIST_KEY_CFBundleDisplayName = waerableDeviceDemo;
				INFOPLIST_KEY_LSApplicationCategoryType = "";
				INFOPLIST_KEY_NSHealthShareUsageDescription = "Please allow sharing health data";
				INFOPLIST_KEY_UISupportedInterfaceOrientations = "UIInterfaceOrientationPortrait UIInterfaceOrientationPortraitUpsideDown";
				INFOPLIST_KEY_WKCompanionAppBundleIdentifier = co.jp.amigo.waerableDeviceDemo;
				LD_RUNPATH_SEARCH_PATHS = (
					"$(inherited)",
					"@executable_path/Frameworks",
				);
				MARKETING_VERSION = 1.0;
				PRODUCT_BUNDLE_IDENTIFIER = co.jp.amigo.waerableDeviceDemo.watchkitapp;
				PRODUCT_NAME = "$(TARGET_NAME)";
				SDKROOT = watchos;
				SKIP_INSTALL = YES;
				SWIFT_EMIT_LOC_STRINGS = YES;
				SWIFT_VERSION = 5.0;
				TARGETED_DEVICE_FAMILY = 4;
				VALIDATE_PRODUCT = YES;
				WATCHOS_DEPLOYMENT_TARGET = 10.0;
			};
			name = Release;
		};
		6A7693482AD3E284006404E3 /* Debug */ = {
			isa = XCBuildConfiguration;
			buildSettings = {
				ALWAYS_EMBED_SWIFT_STANDARD_LIBRARIES = YES;
				ASSETCATALOG_COMPILER_APPICON_NAME = AppIcon;
				ASSETCATALOG_COMPILER_GLOBAL_ACCENT_COLOR_NAME = AccentColor;
				CODE_SIGN_ENTITLEMENTS = waerableDeviceDemo/waerableDeviceDemo.entitlements;
				CODE_SIGN_STYLE = Automatic;
				CURRENT_PROJECT_VERSION = 1;
				DEVELOPMENT_ASSET_PATHS = "\"waerableDeviceDemo/Preview Content\"";
				DEVELOPMENT_TEAM = X4LG5T8QN3;
				ENABLE_PREVIEWS = YES;
				GENERATE_INFOPLIST_FILE = YES;
				INFOPLIST_KEY_CFBundleDisplayName = waerableDeviceDemo;
				INFOPLIST_KEY_NSMotionUsageDescription = "please allowd motion usage";
				INFOPLIST_KEY_UIApplicationSceneManifest_Generation = YES;
				INFOPLIST_KEY_UIApplicationSupportsIndirectInputEvents = YES;
				INFOPLIST_KEY_UILaunchScreen_Generation = YES;
				INFOPLIST_KEY_UISupportedInterfaceOrientations_iPad = "UIInterfaceOrientationPortrait UIInterfaceOrientationPortraitUpsideDown UIInterfaceOrientationLandscapeLeft UIInterfaceOrientationLandscapeRight";
				INFOPLIST_KEY_UISupportedInterfaceOrientations_iPhone = "UIInterfaceOrientationPortrait UIInterfaceOrientationLandscapeLeft UIInterfaceOrientationLandscapeRight";
				IPHONEOS_DEPLOYMENT_TARGET = 17.0;
				LD_RUNPATH_SEARCH_PATHS = (
					"$(inherited)",
					"@executable_path/Frameworks",
				);
				MARKETING_VERSION = 1.0;
				PRODUCT_BUNDLE_IDENTIFIER = co.jp.amigo.waerableDeviceDemo;
				PRODUCT_NAME = "$(TARGET_NAME)";
				SDKROOT = iphoneos;
				SUPPORTED_PLATFORMS = "iphoneos iphonesimulator";
				SUPPORTS_MACCATALYST = NO;
				SUPPORTS_MAC_DESIGNED_FOR_IPHONE_IPAD = NO;
				SWIFT_EMIT_LOC_STRINGS = YES;
				SWIFT_VERSION = 5.0;
				TARGETED_DEVICE_FAMILY = 1;
			};
			name = Debug;
		};
		6A7693492AD3E284006404E3 /* Release */ = {
			isa = XCBuildConfiguration;
			buildSettings = {
				ALWAYS_EMBED_SWIFT_STANDARD_LIBRARIES = YES;
				ASSETCATALOG_COMPILER_APPICON_NAME = AppIcon;
				ASSETCATALOG_COMPILER_GLOBAL_ACCENT_COLOR_NAME = AccentColor;
				CODE_SIGN_ENTITLEMENTS = waerableDeviceDemo/waerableDeviceDemo.entitlements;
				CODE_SIGN_STYLE = Automatic;
				CURRENT_PROJECT_VERSION = 1;
				DEVELOPMENT_ASSET_PATHS = "\"waerableDeviceDemo/Preview Content\"";
				DEVELOPMENT_TEAM = X4LG5T8QN3;
				ENABLE_PREVIEWS = YES;
				GENERATE_INFOPLIST_FILE = YES;
				INFOPLIST_KEY_CFBundleDisplayName = waerableDeviceDemo;
				INFOPLIST_KEY_NSMotionUsageDescription = "please allowd motion usage";
				INFOPLIST_KEY_UIApplicationSceneManifest_Generation = YES;
				INFOPLIST_KEY_UIApplicationSupportsIndirectInputEvents = YES;
				INFOPLIST_KEY_UILaunchScreen_Generation = YES;
				INFOPLIST_KEY_UISupportedInterfaceOrientations_iPad = "UIInterfaceOrientationPortrait UIInterfaceOrientationPortraitUpsideDown UIInterfaceOrientationLandscapeLeft UIInterfaceOrientationLandscapeRight";
				INFOPLIST_KEY_UISupportedInterfaceOrientations_iPhone = "UIInterfaceOrientationPortrait UIInterfaceOrientationLandscapeLeft UIInterfaceOrientationLandscapeRight";
				IPHONEOS_DEPLOYMENT_TARGET = 17.0;
				LD_RUNPATH_SEARCH_PATHS = (
					"$(inherited)",
					"@executable_path/Frameworks",
				);
				MARKETING_VERSION = 1.0;
				PRODUCT_BUNDLE_IDENTIFIER = co.jp.amigo.waerableDeviceDemo;
				PRODUCT_NAME = "$(TARGET_NAME)";
				SDKROOT = iphoneos;
				SUPPORTED_PLATFORMS = "iphoneos iphonesimulator";
				SUPPORTS_MACCATALYST = NO;
				SUPPORTS_MAC_DESIGNED_FOR_IPHONE_IPAD = NO;
				SWIFT_EMIT_LOC_STRINGS = YES;
				SWIFT_VERSION = 5.0;
				TARGETED_DEVICE_FAMILY = 1;
				VALIDATE_PRODUCT = YES;
			};
			name = Release;
		};
/* End XCBuildConfiguration section */

/* Begin XCConfigurationList section */
		6A76931E2AD3E282006404E3 /* Build configuration list for PBXProject "waerableDeviceDemo" */ = {
			isa = XCConfigurationList;
			buildConfigurations = (
				6A7693412AD3E284006404E3 /* Debug */,
				6A7693422AD3E284006404E3 /* Release */,
			);
			defaultConfigurationIsVisible = 0;
			defaultConfigurationName = Release;
		};
		6A7693432AD3E284006404E3 /* Build configuration list for PBXNativeTarget "waerableDeviceDemo Watch App" */ = {
			isa = XCConfigurationList;
			buildConfigurations = (
				6A7693442AD3E284006404E3 /* Debug */,
				6A7693452AD3E284006404E3 /* Release */,
			);
			defaultConfigurationIsVisible = 0;
			defaultConfigurationName = Release;
		};
		6A7693472AD3E284006404E3 /* Build configuration list for PBXNativeTarget "waerableDeviceDemo" */ = {
			isa = XCConfigurationList;
			buildConfigurations = (
				6A7693482AD3E284006404E3 /* Debug */,
				6A7693492AD3E284006404E3 /* Release */,
			);
			defaultConfigurationIsVisible = 0;
			defaultConfigurationName = Release;
		};
/* End XCConfigurationList section */
	};
	rootObject = 6A76931B2AD3E282006404E3 /* Project object */;
}
